
Microsoft Visual Studio Solution File, Format Version 12.00
# Visual Studio Version 17
VisualStudioVersion = 17.13.35818.85 d17.13
MinimumVisualStudioVersion = 10.0.40219.1
Project("{FAE04EC0-301F-11D3-BF4B-00C04F79EFBC}") = "StringLibrary", "StringLibrary\StringLibrary.csproj", "{F426A36E-AF9E-4195-BFDD-FA26987A70B4}"
EndProject
Project("{FAE04EC0-301F-11D3-BF4B-00C04F79EFBC}") = "ShowCase", "ShowCase\ShowCase.csproj", "{CA05E7FB-9EF1-49BA-81EF-811B5A17A9DF}"
EndProject
Global
	GlobalSection(SolutionConfigurationPlatforms) = preSolution
		Debug|Any CPU = Debug|Any CPU
		Release|Any CPU = Release|Any CPU
	EndGlobalSection
	GlobalSection(ProjectConfigurationPlatforms) = postSolution
		{F426A36E-AF9E-4195-BFDD-FA26987A70B4}.Debug|Any CPU.ActiveCfg = Debug|Any CPU
		{F426A36E-AF9E-4195-BFDD-FA26987A70B4}.Debug|Any CPU.Build.0 = Debug|Any CPU
		{F426A36E-AF9E-4195-BFDD-FA26987A70B4}.Release|Any CPU.ActiveCfg = Release|Any CPU
		{F426A36E-AF9E-4195-BFDD-FA26987A70B4}.Release|Any CPU.Build.0 = Release|Any CPU
		{CA05E7FB-9EF1-49BA-81EF-811B5A17A9DF}.Debug|Any CPU.ActiveCfg = Debug|Any CPU
		{CA05E7FB-9EF1-49BA-81EF-811B5A17A9DF}.Debug|Any CPU.Build.0 = Debug|Any CPU
		{CA05E7FB-9EF1-49BA-81EF-811B5A17A9DF}.Release|Any CPU.ActiveCfg = Release|Any CPU
		{CA05E7FB-9EF1-49BA-81EF-811B5A17A9DF}.Release|Any CPU.Build.0 = Release|Any CPU
	EndGlobalSection
	GlobalSection(SolutionProperties) = preSolution
		HideSolutionNode = FALSE
	EndGlobalSection
	GlobalSection(ExtensibilityGlobals) = postSolution
		SolutionGuid = {517E57F0-C312-4491-A773-C41E72897C78}
	EndGlobalSection
EndGlobal
